
Microsoft Visual Studio Solution File, Format Version 12.00
# Visual Studio Version 16
VisualStudioVersion = 16.0.30523.141
MinimumVisualStudioVersion = 10.0.40219.1
Project("{535C04D7-A2A5-47C7-83E0-B340A995CD1F}") = "CarRentals", "CarRentals.cblproj", "{49EEF8D0-9B1C-497C-8205-301D20923D4F}"
EndProject
Global
	GlobalSection(SolutionConfigurationPlatforms) = preSolution
		Debug|x86 = Debug|x86
		Release|x86 = Release|x86
	EndGlobalSection
	GlobalSection(ProjectConfigurationPlatforms) = postSolution
		{49EEF8D0-9B1C-497C-8205-301D20923D4F}.Debug|x86.ActiveCfg = Debug|x86
		{49EEF8D0-9B1C-497C-8205-301D20923D4F}.Debug|x86.Build.0 = Debug|x86
		{49EEF8D0-9B1C-497C-8205-301D20923D4F}.Release|x86.ActiveCfg = Release|x86
		{49EEF8D0-9B1C-497C-8205-301D20923D4F}.Release|x86.Build.0 = Release|x86
	EndGlobalSection
	GlobalSection(SolutionProperties) = preSolution
		HideSolutionNode = FALSE
	EndGlobalSection
	GlobalSection(ExtensibilityGlobals) = postSolution
		SolutionGuid = {778C7E4C-4A9A-4006-9570-750178B950B0}
	EndGlobalSection
EndGlobal
