
Microsoft Visual Studio Solution File, Format Version 12.00
# Visual Studio Version 16
VisualStudioVersion = 16.0.30523.141
MinimumVisualStudioVersion = 10.0.40219.1
Project("{535C04D7-A2A5-47C7-83E0-B340A995CD1F}") = "ConsoleApplication1", "ConsoleApplication1.cblproj", "{1E2C9630-118F-4A58-A35B-B0ADBB355F71}"
EndProject
Global
	GlobalSection(SolutionConfigurationPlatforms) = preSolution
		Debug|Any CPU = Debug|Any CPU
		Release|Any CPU = Release|Any CPU
	EndGlobalSection
	GlobalSection(ProjectConfigurationPlatforms) = postSolution
		{1E2C9630-118F-4A58-A35B-B0ADBB355F71}.Debug|Any CPU.ActiveCfg = Debug|Any CPU
		{1E2C9630-118F-4A58-A35B-B0ADBB355F71}.Debug|Any CPU.Build.0 = Debug|Any CPU
		{1E2C9630-118F-4A58-A35B-B0ADBB355F71}.Release|Any CPU.ActiveCfg = Release|Any CPU
		{1E2C9630-118F-4A58-A35B-B0ADBB355F71}.Release|Any CPU.Build.0 = Release|Any CPU
	EndGlobalSection
	GlobalSection(SolutionProperties) = preSolution
		HideSolutionNode = FALSE
	EndGlobalSection
	GlobalSection(ExtensibilityGlobals) = postSolution
		SolutionGuid = {3E7FFEA4-8D4E-424E-85EF-784D1290F0D2}
	EndGlobalSection
EndGlobal
